// !$*UTF8*$!
{
	archiveVersion = 1;
	classes = {
	};
	objectVersion = 46;
	objects = {

/* Begin PBXBuildFile section */
		31740B8A1A6B999800F70A41 /* main.m in Sources */ = {isa = PBXBuildFile; fileRef = 31740B891A6B999800F70A41 /* main.m */; };
		31740B8D1A6B999800F70A41 /* AppDelegate.m in Sources */ = {isa = PBXBuildFile; fileRef = 31740B8C1A6B999800F70A41 /* AppDelegate.m */; };
		31740B901A6B999800F70A41 /* ViewController.m in Sources */ = {isa = PBXBuildFile; fileRef = 31740B8F1A6B999800F70A41 /* ViewController.m */; };
		31740B931A6B999800F70A41 /* Main.storyboard in Resources */ = {isa = PBXBuildFile; fileRef = 31740B911A6B999800F70A41 /* Main.storyboard */; };
		31740B951A6B999800F70A41 /* Images.xcassets in Resources */ = {isa = PBXBuildFile; fileRef = 31740B941A6B999800F70A41 /* Images.xcassets */; };
		31740B981A6B999800F70A41 /* LaunchScreen.xib in Resources */ = {isa = PBXBuildFile; fileRef = 31740B961A6B999800F70A41 /* LaunchScreen.xib */; };
		31740BA41A6B999900F70A41 /* PullRefreshTests.m in Sources */ = {isa = PBXBuildFile; fileRef = 31740BA31A6B999900F70A41 /* PullRefreshTests.m */; };
/* End PBXBuildFile section */

/* Begin PBXContainerItemProxy section */
		31740B9E1A6B999900F70A41 /* PBXContainerItemProxy */ = {
			isa = PBXContainerItemProxy;
			containerPortal = 31740B7C1A6B999800F70A41 /* Project object */;
			proxyType = 1;
			remoteGlobalIDString = 31740B831A6B999800F70A41;
			remoteInfo = PullRefresh;
		};
/* End PBXContainerItemProxy section */

/* Begin PBXFileReference section */
		31740B841A6B999800F70A41 /* PullRefresh.app */ = {isa = PBXFileReference; explicitFileType = wrapper.application; includeInIndex = 0; path = PullRefresh.app; sourceTree = BUILT_PRODUCTS_DIR; };
		31740B881A6B999800F70A41 /* Info.plist */ = {isa = PBXFileReference; lastKnownFileType = text.plist.xml; path = Info.plist; sourceTree = "<group>"; };
		31740B891A6B999800F70A41 /* main.m */ = {isa = PBXFileReference; lastKnownFileType = sourcecode.c.objc; path = main.m; sourceTree = "<group>"; };
		31740B8B1A6B999800F70A41 /* AppDelegate.h */ = {isa = PBXFileReference; lastKnownFileType = sourcecode.c.h; path = AppDelegate.h; sourceTree = "<group>"; };
		31740B8C1A6B999800F70A41 /* AppDelegate.m */ = {isa = PBXFileReference; lastKnownFileType = sourcecode.c.objc; path = AppDelegate.m; sourceTree = "<group>"; };
		31740B8E1A6B999800F70A41 /* ViewController.h */ = {isa = PBXFileReference; lastKnownFileType = sourcecode.c.h; path = ViewController.h; sourceTree = "<group>"; };
		31740B8F1A6B999800F70A41 /* ViewController.m */ = {isa = PBXFileReference; lastKnownFileType = sourcecode.c.objc; path = ViewController.m; sourceTree = "<group>"; };
		31740B921A6B999800F70A41 /* Base */ = {isa = PBXFileReference; lastKnownFileType = file.storyboard; name = Base; path = Base.lproj/Main.storyboard; sourceTree = "<group>"; };
		31740B941A6B999800F70A41 /* Images.xcassets */ = {isa = PBXFileReference; lastKnownFileType = folder.assetcatalog; path = Images.xcassets; sourceTree = "<group>"; };
		31740B971A6B999800F70A41 /* Base */ = {isa = PBXFileReference; lastKnownFileType = file.xib; name = Base; path = Base.lproj/LaunchScreen.xib; sourceTree = "<group>"; };
		31740B9D1A6B999900F70A41 /* PullRefreshTests.xctest */ = {isa = PBXFileReference; explicitFileType = wrapper.cfbundle; includeInIndex = 0; path = PullRefreshTests.xctest; sourceTree = BUILT_PRODUCTS_DIR; };
		31740BA21A6B999900F70A41 /* Info.plist */ = {isa = PBXFileReference; lastKnownFileType = text.plist.xml; path = Info.plist; sourceTree = "<group>"; };
		31740BA31A6B999900F70A41 /* PullRefreshTests.m */ = {isa = PBXFileReference; lastKnownFileType = sourcecode.c.objc; path = PullRefreshTests.m; sourceTree = "<group>"; };
/* End PBXFileReference section */

/* Begin PBXFrameworksBuildPhase section */
		31740B811A6B999800F70A41 /* Frameworks */ = {
			isa = PBXFrameworksBuildPhase;
			buildActionMask = 2147483647;
			files = (
			);
			runOnlyForDeploymentPostprocessing = 0;
		};
		31740B9A1A6B999900F70A41 /* Frameworks */ = {
			isa = PBXFrameworksBuildPhase;
			buildActionMask = 2147483647;
			files = (
			);
			runOnlyForDeploymentPostprocessing = 0;
		};
/* End PBXFrameworksBuildPhase section */

/* Begin PBXGroup section */
		31740B7B1A6B999800F70A41 = {
			isa = PBXGroup;
			children = (
				31740B861A6B999800F70A41 /* PullRefresh */,
				31740BA01A6B999900F70A41 /* PullRefreshTests */,
				31740B851A6B999800F70A41 /* Products */,
			);
			sourceTree = "<group>";
		};
		31740B851A6B999800F70A41 /* Products */ = {
			isa = PBXGroup;
			children = (
				31740B841A6B999800F70A41 /* PullRefresh.app */,
				31740B9D1A6B999900F70A41 /* PullRefreshTests.xctest */,
			);
			name = Products;
			sourceTree = "<group>";
		};
		31740B861A6B999800F70A41 /* PullRefresh */ = {
			isa = PBXGroup;
			children = (
				31740B8B1A6B999800F70A41 /* AppDelegate.h */,
				31740B8C1A6B999800F70A41 /* AppDelegate.m */,
				31740B8E1A6B999800F70A41 /* ViewController.h */,
				31740B8F1A6B999800F70A41 /* ViewController.m */,
				31740B911A6B999800F70A41 /* Main.storyboard */,
				31740B941A6B999800F70A41 /* Images.xcassets */,
				31740B961A6B999800F70A41 /* LaunchScreen.xib */,
				31740B871A6B999800F70A41 /* Supporting Files */,
			);
			path = PullRefresh;
			sourceTree = "<group>";
		};
		31740B871A6B999800F70A41 /* Supporting Files */ = {
			isa = PBXGroup;
			children = (
				31740B881A6B999800F70A41 /* Info.plist */,
				31740B891A6B999800F70A41 /* main.m */,
			);
			name = "Supporting Files";
			sourceTree = "<group>";
		};
		31740BA01A6B999900F70A41 /* PullRefreshTests */ = {
			isa = PBXGroup;
			children = (
				31740BA31A6B999900F70A41 /* PullRefreshTests.m */,
				31740BA11A6B999900F70A41 /* Supporting Files */,
			);
			path = PullRefreshTests;
			sourceTree = "<group>";
		};
		31740BA11A6B999900F70A41 /* Supporting Files */ = {
			isa = PBXGroup;
			children = (
				31740BA21A6B999900F70A41 /* Info.plist */,
			);
			name = "Supporting Files";
			sourceTree = "<group>";
		};
/* End PBXGroup section */

/* Begin PBXNativeTarget section */
		31740B831A6B999800F70A41 /* PullRefresh */ = {
			isa = PBXNativeTarget;
			buildConfigurationList = 31740BA71A6B999900F70A41 /* Build configuration list for PBXNativeTarget "PullRefresh" */;
			buildPhases = (
				31740B801A6B999800F70A41 /* Sources */,
				31740B811A6B999800F70A41 /* Frameworks */,
				31740B821A6B999800F70A41 /* Resources */,
			);
			buildRules = (
			);
			dependencies = (
			);
			name = PullRefresh;
			productName = PullRefresh;
			productReference = 31740B841A6B999800F70A41 /* PullRefresh.app */;
			productType = "com.apple.product-type.application";
		};
		31740B9C1A6B999900F70A41 /* PullRefreshTests */ = {
			isa = PBXNativeTarget;
			buildConfigurationList = 31740BAA1A6B999900F70A41 /* Build configuration list for PBXNativeTarget "PullRefreshTests" */;
			buildPhases = (
				31740B991A6B999900F70A41 /* Sources */,
				31740B9A1A6B999900F70A41 /* Frameworks */,
				31740B9B1A6B999900F70A41 /* Resources */,
			);
			buildRules = (
			);
			dependencies = (
				31740B9F1A6B999900F70A41 /* PBXTargetDependency */,
			);
			name = PullRefreshTests;
			productName = PullRefreshTests;
			productReference = 31740B9D1A6B999900F70A41 /* PullRefreshTests.xctest */;
			productType = "com.apple.product-type.bundle.unit-test";
		};
/* End PBXNativeTarget section */

/* Begin PBXProject section */
		31740B7C1A6B999800F70A41 /* Project object */ = {
			isa = PBXProject;
			attributes = {
				LastUpgradeCheck = 0610;
				ORGANIZATIONNAME = Skye;
				TargetAttributes = {
					31740B831A6B999800F70A41 = {
						CreatedOnToolsVersion = 6.1;
					};
					31740B9C1A6B999900F70A41 = {
						CreatedOnToolsVersion = 6.1;
						TestTargetID = 31740B831A6B999800F70A41;
					};
				};
			};
			buildConfigurationList = 31740B7F1A6B999800F70A41 /* Build configuration list for PBXProject "PullRefresh" */;
			compatibilityVersion = "Xcode 3.2";
			developmentRegion = English;
			hasScannedForEncodings = 0;
			knownRegions = (
				en,
				Base,
			);
			mainGroup = 31740B7B1A6B999800F70A41;
			productRefGroup = 31740B851A6B999800F70A41 /* Products */;
			projectDirPath = "";
			projectRoot = "";
			targets = (
				31740B831A6B999800F70A41 /* PullRefresh */,
				31740B9C1A6B999900F70A41 /* PullRefreshTests */,
			);
		};
/* End PBXProject section */

/* Begin PBXResourcesBuildPhase section */
		31740B821A6B999800F70A41 /* Resources */ = {
			isa = PBXResourcesBuildPhase;
			buildActionMask = 2147483647;
			files = (
				31740B931A6B999800F70A41 /* Main.storyboard in Resources */,
				31740B981A6B999800F70A41 /* LaunchScreen.xib in Resources */,
				31740B951A6B999800F70A41 /* Images.xcassets in Resources */,
			);
			runOnlyForDeploymentPostprocessing = 0;
		};
		31740B9B1A6B999900F70A41 /* Resources */ = {
			isa = PBXResourcesBuildPhase;
			buildActionMask = 2147483647;
			files = (
			);
			runOnlyForDeploymentPostprocessing = 0;
		};
/* End PBXResourcesBuildPhase section */

/* Begin PBXSourcesBuildPhase section */
		31740B801A6B999800F70A41 /* Sources */ = {
			isa = PBXSourcesBuildPhase;
			buildActionMask = 2147483647;
			files = (
				31740B901A6B999800F70A41 /* ViewController.m in Sources */,
				31740B8D1A6B999800F70A41 /* AppDelegate.m in Sources */,
				31740B8A1A6B999800F70A41 /* main.m in Sources */,
			);
			runOnlyForDeploymentPostprocessing = 0;
		};
		31740B991A6B999900F70A41 /* Sources */ = {
			isa = PBXSourcesBuildPhase;
			buildActionMask = 2147483647;
			files = (
				31740BA41A6B999900F70A41 /* PullRefreshTests.m in Sources */,
			);
			runOnlyForDeploymentPostprocessing = 0;
		};
/* End PBXSourcesBuildPhase section */

/* Begin PBXTargetDependency section */
		31740B9F1A6B999900F70A41 /* PBXTargetDependency */ = {
			isa = PBXTargetDependency;
			target = 31740B831A6B999800F70A41 /* PullRefresh */;
			targetProxy = 31740B9E1A6B999900F70A41 /* PBXContainerItemProxy */;
		};
/* End PBXTargetDependency section */

/* Begin PBXVariantGroup section */
		31740B911A6B999800F70A41 /* Main.storyboard */ = {
			isa = PBXVariantGroup;
			children = (
				31740B921A6B999800F70A41 /* Base */,
			);
			name = Main.storyboard;
			sourceTree = "<group>";
		};
		31740B961A6B999800F70A41 /* LaunchScreen.xib */ = {
			isa = PBXVariantGroup;
			children = (
				31740B971A6B999800F70A41 /* Base */,
			);
			name = LaunchScreen.xib;
			sourceTree = "<group>";
		};
/* End PBXVariantGroup section */

/* Begin XCBuildConfiguration section */
		31740BA51A6B999900F70A41 /* Debug */ = {
			isa = XCBuildConfiguration;
			buildSettings = {
				ALWAYS_SEARCH_USER_PATHS = NO;
				CLANG_CXX_LANGUAGE_STANDARD = "gnu++0x";
				CLANG_CXX_LIBRARY = "libc++";
				CLANG_ENABLE_MODULES = YES;
				CLANG_ENABLE_OBJC_ARC = YES;
				CLANG_WARN_BOOL_CONVERSION = YES;
				CLANG_WARN_CONSTANT_CONVERSION = YES;
				CLANG_WARN_DIRECT_OBJC_ISA_USAGE = YES_ERROR;
				CLANG_WARN_EMPTY_BODY = YES;
				CLANG_WARN_ENUM_CONVERSION = YES;
				CLANG_WARN_INT_CONVERSION = YES;
				CLANG_WARN_OBJC_ROOT_CLASS = YES_ERROR;
				CLANG_WARN_UNREACHABLE_CODE = YES;
				CLANG_WARN__DUPLICATE_METHOD_MATCH = YES;
				"CODE_SIGN_IDENTITY[sdk=iphoneos*]" = "iPhone Developer";
				COPY_PHASE_STRIP = NO;
				ENABLE_STRICT_OBJC_MSGSEND = YES;
				GCC_C_LANGUAGE_STANDARD = gnu99;
				GCC_DYNAMIC_NO_PIC = NO;
				GCC_OPTIMIZATION_LEVEL = 0;
				GCC_PREPROCESSOR_DEFINITIONS = (
					"DEBUG=1",
					"$(inherited)",
				);
				GCC_SYMBOLS_PRIVATE_EXTERN = NO;
				GCC_WARN_64_TO_32_BIT_CONVERSION = YES;
				GCC_WARN_ABOUT_RETURN_TYPE = YES_ERROR;
				GCC_WARN_UNDECLARED_SELECTOR = YES;
				GCC_WARN_UNINITIALIZED_AUTOS = YES_AGGRESSIVE;
				GCC_WARN_UNUSED_FUNCTION = YES;
				GCC_WARN_UNUSED_VARIABLE = YES;
				IPHONEOS_DEPLOYMENT_TARGET = 8.1;
				MTL_ENABLE_DEBUG_INFO = YES;
				ONLY_ACTIVE_ARCH = YES;
				SDKROOT = iphoneos;
			};
			name = Debug;
		};
		31740BA61A6B999900F70A41 /* Release */ = {
			isa = XCBuildConfiguration;
			buildSettings = {
				ALWAYS_SEARCH_USER_PATHS = NO;
				CLANG_CXX_LANGUAGE_STANDARD = "gnu++0x";
				CLANG_CXX_LIBRARY = "libc++";
				CLANG_ENABLE_MODULES = YES;
				CLANG_ENABLE_OBJC_ARC = YES;
				CLANG_WARN_BOOL_CONVERSION = YES;
				CLANG_WARN_CONSTANT_CONVERSION = YES;
				CLANG_WARN_DIRECT_OBJC_ISA_USAGE = YES_ERROR;
				CLANG_WARN_EMPTY_BODY = YES;
				CLANG_WARN_ENUM_CONVERSION = YES;
				CLANG_WARN_INT_CONVERSION = YES;
				CLANG_WARN_OBJC_ROOT_CLASS = YES_ERROR;
				CLANG_WARN_UNREACHABLE_CODE = YES;
				CLANG_WARN__DUPLICATE_METHOD_MATCH = YES;
				"CODE_SIGN_IDENTITY[sdk=iphoneos*]" = "iPhone Developer";
				COPY_PHASE_STRIP = YES;
				ENABLE_NS_ASSERTIONS = NO;
				ENABLE_STRICT_OBJC_MSGSEND = YES;
				GCC_C_LANGUAGE_STANDARD = gnu99;
				GCC_WARN_64_TO_32_BIT_CONVERSION = YES;
				GCC_WARN_ABOUT_RETURN_TYPE = YES_ERROR;
				GCC_WARN_UNDECLARED_SELECTOR = YES;
				GCC_WARN_UNINITIALIZED_AUTOS = YES_AGGRESSIVE;
				GCC_WARN_UNUSED_FUNCTION = YES;
				GCC_WARN_UNUSED_VARIABLE = YES;
				IPHONEOS_DEPLOYMENT_TARGET = 8.1;
				MTL_ENABLE_DEBUG_INFO = NO;
				SDKROOT = iphoneos;
				VALIDATE_PRODUCT = YES;
			};
			name = Release;
		};
		31740BA81A6B999900F70A41 /* Debug */ = {
			isa = XCBuildConfiguration;
			buildSettings = {
				ASSETCATALOG_COMPILER_APPICON_NAME = AppIcon;
				INFOPLIST_FILE = PullRefresh/Info.plist;
				LD_RUNPATH_SEARCH_PATHS = "$(inherited) @executable_path/Frameworks";
				PRODUCT_NAME = "$(TARGET_NAME)";
			};
			name = Debug;
		};
		31740BA91A6B999900F70A41 /* Release */ = {
			isa = XCBuildConfiguration;
			buildSettings = {
				ASSETCATALOG_COMPILER_APPICON_NAME = AppIcon;
				INFOPLIST_FILE = PullRefresh/Info.plist;
				LD_RUNPATH_SEARCH_PATHS = "$(inherited) @executable_path/Frameworks";
				PRODUCT_NAME = "$(TARGET_NAME)";
			};
			name = Release;
		};
		31740BAB1A6B999900F70A41 /* Debug */ = {
			isa = XCBuildConfiguration;
			buildSettings = {
				BUNDLE_LOADER = "$(TEST_HOST)";
				FRAMEWORK_SEARCH_PATHS = (
					"$(SDKROOT)/Developer/Library/Frameworks",
					"$(inherited)",
				);
				GCC_PREPROCESSOR_DEFINITIONS = (
					"DEBUG=1",
					"$(inherited)",
				);
				INFOPLIST_FILE = PullRefreshTests/Info.plist;
				LD_RUNPATH_SEARCH_PATHS = "$(inherited) @executable_path/Frameworks @loader_path/Frameworks";
				PRODUCT_NAME = "$(TARGET_NAME)";
				TEST_HOST = "$(BUILT_PRODUCTS_DIR)/PullRefresh.app/PullRefresh";
			};
			name = Debug;
		};
		31740BAC1A6B999900F70A41 /* Release */ = {
			isa = XCBuildConfiguration;
			buildSettings = {
				BUNDLE_LOADER = "$(TEST_HOST)";
				FRAMEWORK_SEARCH_PATHS = (
					"$(SDKROOT)/Developer/Library/Frameworks",
					"$(inherited)",
				);
				INFOPLIST_FILE = PullRefreshTests/Info.plist;
				LD_RUNPATH_SEARCH_PATHS = "$(inherited) @executable_path/Frameworks @loader_path/Frameworks";
				PRODUCT_NAME = "$(TARGET_NAME)";
				TEST_HOST = "$(BUILT_PRODUCTS_DIR)/PullRefresh.app/PullRefresh";
			};
			name = Release;
		};
/* End XCBuildConfiguration section */

/* Begin XCConfigurationList section */
		31740B7F1A6B999800F70A41 /* Build configuration list for PBXProject "PullRefresh" */ = {
			isa = XCConfigurationList;
			buildConfigurations = (
				31740BA51A6B999900F70A41 /* Debug */,
				31740BA61A6B999900F70A41 /* Release */,
			);
			defaultConfigurationIsVisible = 0;
			defaultConfigurationName = Release;
		};
		31740BA71A6B999900F70A41 /* Build configuration list for PBXNativeTarget "PullRefresh" */ = {
			isa = XCConfigurationList;
			buildConfigurations = (
				31740BA81A6B999900F70A41 /* Debug */,
				31740BA91A6B999900F70A41 /* Release */,
			);
			defaultConfigurationIsVisible = 0;
		};
		31740BAA1A6B999900F70A41 /* Build configuration list for PBXNativeTarget "PullRefreshTests" */ = {
			isa = XCConfigurationList;
			buildConfigurations = (
				31740BAB1A6B999900F70A41 /* Debug */,
				31740BAC1A6B999900F70A41 /* Release */,
			);
			defaultConfigurationIsVisible = 0;
		};
/* End XCConfigurationList section */
	};
	rootObject = 31740B7C1A6B999800F70A41 /* Project object */;
}
